// !$*UTF8*$!
{
	archiveVersion = 1;
	classes = {
	};
	objectVersion = 55;
	objects = {

/* Begin PBXBuildFile section */
		47C6958C271E7DEC001B09D5 /* AppDelegate.swift in Sources */ = {isa = PBXBuildFile; fileRef = 47C6958B271E7DEC001B09D5 /* AppDelegate.swift */; };
		47C6958E271E7DEC001B09D5 /* SceneDelegate.swift in Sources */ = {isa = PBXBuildFile; fileRef = 47C6958D271E7DEC001B09D5 /* SceneDelegate.swift */; };
		47C69590271E7DEC001B09D5 /* ViewController.swift in Sources */ = {isa = PBXBuildFile; fileRef = 47C6958F271E7DEC001B09D5 /* ViewController.swift */; };
		47C69593271E7DEC001B09D5 /* Main.storyboard in Resources */ = {isa = PBXBuildFile; fileRef = 47C69591271E7DEC001B09D5 /* Main.storyboard */; };
		47C69595271E7DED001B09D5 /* Assets.xcassets in Resources */ = {isa = PBXBuildFile; fileRef = 47C69594271E7DED001B09D5 /* Assets.xcassets */; };
		47C69598271E7DED001B09D5 /* LaunchScreen.storyboard in Resources */ = {isa = PBXBuildFile; fileRef = 47C69596271E7DED001B09D5 /* LaunchScreen.storyboard */; };
		47C695A0271E7EF6001B09D5 /* GoogleService-Info.plist in Resources */ = {isa = PBXBuildFile; fileRef = 47C6959F271E7EF6001B09D5 /* GoogleService-Info.plist */; };
		BF37C5135B10F36D9FE67723 /* Pods_FirebaseUI_Sample1.framework in Frameworks */ = {isa = PBXBuildFile; fileRef = D8215F7FC1C4DC6EF63F8F78 /* Pods_FirebaseUI_Sample1.framework */; };
/* End PBXBuildFile section */

/* Begin PBXFileReference section */
		32E4E48534B851060AFFBCA2 /* Pods-FirebaseUI-Sample1.debug.xcconfig */ = {isa = PBXFileReference; includeInIndex = 1; lastKnownFileType = text.xcconfig; name = "Pods-FirebaseUI-Sample1.debug.xcconfig"; path = "Target Support Files/Pods-FirebaseUI-Sample1/Pods-FirebaseUI-Sample1.debug.xcconfig"; sourceTree = "<group>"; };
		47C69588271E7DEC001B09D5 /* FirebaseUI-Sample1.app */ = {isa = PBXFileReference; explicitFileType = wrapper.application; includeInIndex = 0; path = "FirebaseUI-Sample1.app"; sourceTree = BUILT_PRODUCTS_DIR; };
		47C6958B271E7DEC001B09D5 /* AppDelegate.swift */ = {isa = PBXFileReference; lastKnownFileType = sourcecode.swift; path = AppDelegate.swift; sourceTree = "<group>"; };
		47C6958D271E7DEC001B09D5 /* SceneDelegate.swift */ = {isa = PBXFileReference; lastKnownFileType = sourcecode.swift; path = SceneDelegate.swift; sourceTree = "<group>"; };
		47C6958F271E7DEC001B09D5 /* ViewController.swift */ = {isa = PBXFileReference; lastKnownFileType = sourcecode.swift; path = ViewController.swift; sourceTree = "<group>"; };
		47C69592271E7DEC001B09D5 /* Base */ = {isa = PBXFileReference; lastKnownFileType = file.storyboard; name = Base; path = Base.lproj/Main.storyboard; sourceTree = "<group>"; };
		47C69594271E7DED001B09D5 /* Assets.xcassets */ = {isa = PBXFileReference; lastKnownFileType = folder.assetcatalog; path = Assets.xcassets; sourceTree = "<group>"; };
		47C69597271E7DED001B09D5 /* Base */ = {isa = PBXFileReference; lastKnownFileType = file.storyboard; name = Base; path = Base.lproj/LaunchScreen.storyboard; sourceTree = "<group>"; };
		47C69599271E7DED001B09D5 /* Info.plist */ = {isa = PBXFileReference; lastKnownFileType = text.plist.xml; path = Info.plist; sourceTree = "<group>"; };
		47C6959F271E7EF6001B09D5 /* GoogleService-Info.plist */ = {isa = PBXFileReference; lastKnownFileType = text.plist; path = "GoogleService-Info.plist"; sourceTree = SOURCE_ROOT; };
		47C695A1271FA979001B09D5 /* FirebaseUI-Sample1.entitlements */ = {isa = PBXFileReference; lastKnownFileType = text.plist.entitlements; path = "FirebaseUI-Sample1.entitlements"; sourceTree = "<group>"; };
		D8215F7FC1C4DC6EF63F8F78 /* Pods_FirebaseUI_Sample1.framework */ = {isa = PBXFileReference; explicitFileType = wrapper.framework; includeInIndex = 0; path = Pods_FirebaseUI_Sample1.framework; sourceTree = BUILT_PRODUCTS_DIR; };
		DEFC01E856D089E87EABCA5C /* Pods-FirebaseUI-Sample1.release.xcconfig */ = {isa = PBXFileReference; includeInIndex = 1; lastKnownFileType = text.xcconfig; name = "Pods-FirebaseUI-Sample1.release.xcconfig"; path = "Target Support Files/Pods-FirebaseUI-Sample1/Pods-FirebaseUI-Sample1.release.xcconfig"; sourceTree = "<group>"; };
/* End PBXFileReference section */

/* Begin PBXFrameworksBuildPhase section */
		47C69585271E7DEC001B09D5 /* Frameworks */ = {
			isa = PBXFrameworksBuildPhase;
			buildActionMask = 2147483647;
			files = (
				BF37C5135B10F36D9FE67723 /* Pods_FirebaseUI_Sample1.framework in Frameworks */,
			);
			runOnlyForDeploymentPostprocessing = 0;
		};
/* End PBXFrameworksBuildPhase section */

/* Begin PBXGroup section */
		47C6957F271E7DEC001B09D5 = {
			isa = PBXGroup;
			children = (
				47C6958A271E7DEC001B09D5 /* FirebaseUI-Sample1 */,
				47C69589271E7DEC001B09D5 /* Products */,
				EB0F1100A455A01A04DADDF4 /* Pods */,
				883CCFC6FF5AA644710EA7AE /* Frameworks */,
			);
			sourceTree = "<group>";
		};
		47C69589271E7DEC001B09D5 /* Products */ = {
			isa = PBXGroup;
			children = (
				47C69588271E7DEC001B09D5 /* FirebaseUI-Sample1.app */,
			);
			name = Products;
			sourceTree = "<group>";
		};
		47C6958A271E7DEC001B09D5 /* FirebaseUI-Sample1 */ = {
			isa = PBXGroup;
			children = (
				47C695A1271FA979001B09D5 /* FirebaseUI-Sample1.entitlements */,
				47C6958B271E7DEC001B09D5 /* AppDelegate.swift */,
				47C6958D271E7DEC001B09D5 /* SceneDelegate.swift */,
				47C6958F271E7DEC001B09D5 /* ViewController.swift */,
				47C69591271E7DEC001B09D5 /* Main.storyboard */,
				47C69594271E7DED001B09D5 /* Assets.xcassets */,
				47C69596271E7DED001B09D5 /* LaunchScreen.storyboard */,
				47C69599271E7DED001B09D5 /* Info.plist */,
				47C6959F271E7EF6001B09D5 /* GoogleService-Info.plist */,
			);
			path = "FirebaseUI-Sample1";
			sourceTree = "<group>";
		};
		883CCFC6FF5AA644710EA7AE /* Frameworks */ = {
			isa = PBXGroup;
			children = (
				D8215F7FC1C4DC6EF63F8F78 /* Pods_FirebaseUI_Sample1.framework */,
			);
			name = Frameworks;
			sourceTree = "<group>";
		};
		EB0F1100A455A01A04DADDF4 /* Pods */ = {
			isa = PBXGroup;
			children = (
				32E4E48534B851060AFFBCA2 /* Pods-FirebaseUI-Sample1.debug.xcconfig */,
				DEFC01E856D089E87EABCA5C /* Pods-FirebaseUI-Sample1.release.xcconfig */,
			);
			path = Pods;
			sourceTree = "<group>";
		};
/* End PBXGroup section */

/* Begin PBXNativeTarget section */
		47C69587271E7DEC001B09D5 /* FirebaseUI-Sample1 */ = {
			isa = PBXNativeTarget;
			buildConfigurationList = 47C6959C271E7DED001B09D5 /* Build configuration list for PBXNativeTarget "FirebaseUI-Sample1" */;
			buildPhases = (
				3A5C71FB8A6F039D63DB17CC /* [CP] Check Pods Manifest.lock */,
				47C69584271E7DEC001B09D5 /* Sources */,
				47C69585271E7DEC001B09D5 /* Frameworks */,
				47C69586271E7DEC001B09D5 /* Resources */,
				9902A3A4DA41AB21F8A40298 /* [CP] Embed Pods Frameworks */,
				D0A8E5F431910A6EE269A407 /* [CP] Copy Pods Resources */,
			);
			buildRules = (
			);
			dependencies = (
			);
			name = "FirebaseUI-Sample1";
			productName = "FirebaseUI-Sample1";
			productReference = 47C69588271E7DEC001B09D5 /* FirebaseUI-Sample1.app */;
			productType = "com.apple.product-type.application";
		};
/* End PBXNativeTarget section */

/* Begin PBXProject section */
		47C69580271E7DEC001B09D5 /* Project object */ = {
			isa = PBXProject;
			attributes = {
				BuildIndependentTargetsInParallel = 1;
				LastSwiftUpdateCheck = 1300;
				LastUpgradeCheck = 1300;
				TargetAttributes = {
					47C69587271E7DEC001B09D5 = {
						CreatedOnToolsVersion = 13.0;
					};
				};
			};
			buildConfigurationList = 47C69583271E7DEC001B09D5 /* Build configuration list for PBXProject "FirebaseUI-Sample1" */;
			compatibilityVersion = "Xcode 13.0";
			developmentRegion = en;
			hasScannedForEncodings = 0;
			knownRegions = (
				en,
				Base,
			);
			mainGroup = 47C6957F271E7DEC001B09D5;
			productRefGroup = 47C69589271E7DEC001B09D5 /* Products */;
			projectDirPath = "";
			projectRoot = "";
			targets = (
				47C69587271E7DEC001B09D5 /* FirebaseUI-Sample1 */,
			);
		};
/* End PBXProject section */

/* Begin PBXResourcesBuildPhase section */
		47C69586271E7DEC001B09D5 /* Resources */ = {
			isa = PBXResourcesBuildPhase;
			buildActionMask = 2147483647;
			files = (
				47C69598271E7DED001B09D5 /* LaunchScreen.storyboard in Resources */,
				47C695A0271E7EF6001B09D5 /* GoogleService-Info.plist in Resources */,
				47C69595271E7DED001B09D5 /* Assets.xcassets in Resources */,
				47C69593271E7DEC001B09D5 /* Main.storyboard in Resources */,
			);
			runOnlyForDeploymentPostprocessing = 0;
		};
/* End PBXResourcesBuildPhase section */

/* Begin PBXShellScriptBuildPhase section */
		3A5C71FB8A6F039D63DB17CC /* [CP] Check Pods Manifest.lock */ = {
			isa = PBXShellScriptBuildPhase;
			buildActionMask = 2147483647;
			files = (
			);
			inputFileListPaths = (
			);
			inputPaths = (
				"${PODS_PODFILE_DIR_PATH}/Podfile.lock",
				"${PODS_ROOT}/Manifest.lock",
			);
			name = "[CP] Check Pods Manifest.lock";
			outputFileListPaths = (
			);
			outputPaths = (
				"$(DERIVED_FILE_DIR)/Pods-FirebaseUI-Sample1-checkManifestLockResult.txt",
			);
			runOnlyForDeploymentPostprocessing = 0;
			shellPath = /bin/sh;
			shellScript = "diff \"${PODS_PODFILE_DIR_PATH}/Podfile.lock\" \"${PODS_ROOT}/Manifest.lock\" > /dev/null\nif [ $? != 0 ] ; then\n    # print error to STDERR\n    echo \"error: The sandbox is not in sync with the Podfile.lock. Run 'pod install' or update your CocoaPods installation.\" >&2\n    exit 1\nfi\n# This output is used by Xcode 'outputs' to avoid re-running this script phase.\necho \"SUCCESS\" > \"${SCRIPT_OUTPUT_FILE_0}\"\n";
			showEnvVarsInLog = 0;
		};
		9902A3A4DA41AB21F8A40298 /* [CP] Embed Pods Frameworks */ = {
			isa = PBXShellScriptBuildPhase;
			buildActionMask = 2147483647;
			files = (
			);
			inputFileListPaths = (
				"${PODS_ROOT}/Target Support Files/Pods-FirebaseUI-Sample1/Pods-FirebaseUI-Sample1-frameworks-${CONFIGURATION}-input-files.xcfilelist",
			);
			name = "[CP] Embed Pods Frameworks";
			outputFileListPaths = (
				"${PODS_ROOT}/Target Support Files/Pods-FirebaseUI-Sample1/Pods-FirebaseUI-Sample1-frameworks-${CONFIGURATION}-output-files.xcfilelist",
			);
			runOnlyForDeploymentPostprocessing = 0;
			shellPath = /bin/sh;
			shellScript = "\"${PODS_ROOT}/Target Support Files/Pods-FirebaseUI-Sample1/Pods-FirebaseUI-Sample1-frameworks.sh\"\n";
			showEnvVarsInLog = 0;
		};
		D0A8E5F431910A6EE269A407 /* [CP] Copy Pods Resources */ = {
			isa = PBXShellScriptBuildPhase;
			buildActionMask = 2147483647;
			files = (
			);
			inputFileListPaths = (
				"${PODS_ROOT}/Target Support Files/Pods-FirebaseUI-Sample1/Pods-FirebaseUI-Sample1-resources-${CONFIGURATION}-input-files.xcfilelist",
			);
			name = "[CP] Copy Pods Resources";
			outputFileListPaths = (
				"${PODS_ROOT}/Target Support Files/Pods-FirebaseUI-Sample1/Pods-FirebaseUI-Sample1-resources-${CONFIGURATION}-output-files.xcfilelist",
			);
			runOnlyForDeploymentPostprocessing = 0;
			shellPath = /bin/sh;
			shellScript = "\"${PODS_ROOT}/Target Support Files/Pods-FirebaseUI-Sample1/Pods-FirebaseUI-Sample1-resources.sh\"\n";
			showEnvVarsInLog = 0;
		};
/* End PBXShellScriptBuildPhase section */

/* Begin PBXSourcesBuildPhase section */
		47C69584271E7DEC001B09D5 /* Sources */ = {
			isa = PBXSourcesBuildPhase;
			buildActionMask = 2147483647;
			files = (
				47C69590271E7DEC001B09D5 /* ViewController.swift in Sources */,
				47C6958C271E7DEC001B09D5 /* AppDelegate.swift in Sources */,
				47C6958E271E7DEC001B09D5 /* SceneDelegate.swift in Sources */,
			);
			runOnlyForDeploymentPostprocessing = 0;
		};
/* End PBXSourcesBuildPhase section */

/* Begin PBXVariantGroup section */
		47C69591271E7DEC001B09D5 /* Main.storyboard */ = {
			isa = PBXVariantGroup;
			children = (
				47C69592271E7DEC001B09D5 /* Base */,
			);
			name = Main.storyboard;
			sourceTree = "<group>";
		};
		47C69596271E7DED001B09D5 /* LaunchScreen.storyboard */ = {
			isa = PBXVariantGroup;
			children = (
				47C69597271E7DED001B09D5 /* Base */,
			);
			name = LaunchScreen.storyboard;
			sourceTree = "<group>";
		};
/* End PBXVariantGroup section */

/* Begin XCBuildConfiguration section */
		47C6959A271E7DED001B09D5 /* Debug */ = {
			isa = XCBuildConfiguration;
			buildSettings = {
				ALWAYS_SEARCH_USER_PATHS = NO;
				CLANG_ANALYZER_NONNULL = YES;
				CLANG_ANALYZER_NUMBER_OBJECT_CONVERSION = YES_AGGRESSIVE;
				CLANG_CXX_LANGUAGE_STANDARD = "gnu++17";
				CLANG_CXX_LIBRARY = "libc++";
				CLANG_ENABLE_MODULES = YES;
				CLANG_ENABLE_OBJC_ARC = YES;
				CLANG_ENABLE_OBJC_WEAK = YES;
				CLANG_WARN_BLOCK_CAPTURE_AUTORELEASING = YES;
				CLANG_WARN_BOOL_CONVERSION = YES;
				CLANG_WARN_COMMA = YES;
				CLANG_WARN_CONSTANT_CONVERSION = YES;
				CLANG_WARN_DEPRECATED_OBJC_IMPLEMENTATIONS = YES;
				CLANG_WARN_DIRECT_OBJC_ISA_USAGE = YES_ERROR;
				CLANG_WARN_DOCUMENTATION_COMMENTS = YES;
				CLANG_WARN_EMPTY_BODY = YES;
				CLANG_WARN_ENUM_CONVERSION = YES;
				CLANG_WARN_INFINITE_RECURSION = YES;
				CLANG_WARN_INT_CONVERSION = YES;
				CLANG_WARN_NON_LITERAL_NULL_CONVERSION = YES;
				CLANG_WARN_OBJC_IMPLICIT_RETAIN_SELF = YES;
				CLANG_WARN_OBJC_LITERAL_CONVERSION = YES;
				CLANG_WARN_OBJC_ROOT_CLASS = YES_ERROR;
				CLANG_WARN_QUOTED_INCLUDE_IN_FRAMEWORK_HEADER = YES;
				CLANG_WARN_RANGE_LOOP_ANALYSIS = YES;
				CLANG_WARN_STRICT_PROTOTYPES = YES;
				CLANG_WARN_SUSPICIOUS_MOVE = YES;
				CLANG_WARN_UNGUARDED_AVAILABILITY = YES_AGGRESSIVE;
				CLANG_WARN_UNREACHABLE_CODE = YES;
				CLANG_WARN__DUPLICATE_METHOD_MATCH = YES;
				COPY_PHASE_STRIP = NO;
				DEBUG_INFORMATION_FORMAT = dwarf;
				ENABLE_STRICT_OBJC_MSGSEND = YES;
				ENABLE_TESTABILITY = YES;
				GCC_C_LANGUAGE_STANDARD = gnu11;
				GCC_DYNAMIC_NO_PIC = NO;
				GCC_NO_COMMON_BLOCKS = YES;
				GCC_OPTIMIZATION_LEVEL = 0;
				GCC_PREPROCESSOR_DEFINITIONS = (
					"DEBUG=1",
					"$(inherited)",
				);
				GCC_WARN_64_TO_32_BIT_CONVERSION = YES;
				GCC_WARN_ABOUT_RETURN_TYPE = YES_ERROR;
				GCC_WARN_UNDECLARED_SELECTOR = YES;
				GCC_WARN_UNINITIALIZED_AUTOS = YES_AGGRESSIVE;
				GCC_WARN_UNUSED_FUNCTION = YES;
				GCC_WARN_UNUSED_VARIABLE = YES;
				IPHONEOS_DEPLOYMENT_TARGET = 15.0;
				MTL_ENABLE_DEBUG_INFO = INCLUDE_SOURCE;
				MTL_FAST_MATH = YES;
				ONLY_ACTIVE_ARCH = YES;
				SDKROOT = iphoneos;
				SWIFT_ACTIVE_COMPILATION_CONDITIONS = DEBUG;
				SWIFT_OPTIMIZATION_LEVEL = "-Onone";
			};
			name = Debug;
		};
		47C6959B271E7DED001B09D5 /* Release */ = {
			isa = XCBuildConfiguration;
			buildSettings = {
				ALWAYS_SEARCH_USER_PATHS = NO;
				CLANG_ANALYZER_NONNULL = YES;
				CLANG_ANALYZER_NUMBER_OBJECT_CONVERSION = YES_AGGRESSIVE;
				CLANG_CXX_LANGUAGE_STANDARD = "gnu++17";
				CLANG_CXX_LIBRARY = "libc++";
				CLANG_ENABLE_MODULES = YES;
				CLANG_ENABLE_OBJC_ARC = YES;
				CLANG_ENABLE_OBJC_WEAK = YES;
				CLANG_WARN_BLOCK_CAPTURE_AUTORELEASING = YES;
				CLANG_WARN_BOOL_CONVERSION = YES;
				CLANG_WARN_COMMA = YES;
				CLANG_WARN_CONSTANT_CONVERSION = YES;
				CLANG_WARN_DEPRECATED_OBJC_IMPLEMENTATIONS = YES;
				CLANG_WARN_DIRECT_OBJC_ISA_USAGE = YES_ERROR;
				CLANG_WARN_DOCUMENTATION_COMMENTS = YES;
				CLANG_WARN_EMPTY_BODY = YES;
				CLANG_WARN_ENUM_CONVERSION = YES;
				CLANG_WARN_INFINITE_RECURSION = YES;
				CLANG_WARN_INT_CONVERSION = YES;
				CLANG_WARN_NON_LITERAL_NULL_CONVERSION = YES;
				CLANG_WARN_OBJC_IMPLICIT_RETAIN_SELF = YES;
				CLANG_WARN_OBJC_LITERAL_CONVERSION = YES;
				CLANG_WARN_OBJC_ROOT_CLASS = YES_ERROR;
				CLANG_WARN_QUOTED_INCLUDE_IN_FRAMEWORK_HEADER = YES;
				CLANG_WARN_RANGE_LOOP_ANALYSIS = YES;
				CLANG_WARN_STRICT_PROTOTYPES = YES;
				CLANG_WARN_SUSPICIOUS_MOVE = YES;
				CLANG_WARN_UNGUARDED_AVAILABILITY = YES_AGGRESSIVE;
				CLANG_WARN_UNREACHABLE_CODE = YES;
				CLANG_WARN__DUPLICATE_METHOD_MATCH = YES;
				COPY_PHASE_STRIP = NO;
				DEBUG_INFORMATION_FORMAT = "dwarf-with-dsym";
				ENABLE_NS_ASSERTIONS = NO;
				ENABLE_STRICT_OBJC_MSGSEND = YES;
				GCC_C_LANGUAGE_STANDARD = gnu11;
				GCC_NO_COMMON_BLOCKS = YES;
				GCC_WARN_64_TO_32_BIT_CONVERSION = YES;
				GCC_WARN_ABOUT_RETURN_TYPE = YES_ERROR;
				GCC_WARN_UNDECLARED_SELECTOR = YES;
				GCC_WARN_UNINITIALIZED_AUTOS = YES_AGGRESSIVE;
				GCC_WARN_UNUSED_FUNCTION = YES;
				GCC_WARN_UNUSED_VARIABLE = YES;
				IPHONEOS_DEPLOYMENT_TARGET = 15.0;
				MTL_ENABLE_DEBUG_INFO = NO;
				MTL_FAST_MATH = YES;
				SDKROOT = iphoneos;
				SWIFT_COMPILATION_MODE = wholemodule;
				SWIFT_OPTIMIZATION_LEVEL = "-O";
				VALIDATE_PRODUCT = YES;
			};
			name = Release;
		};
		47C6959D271E7DED001B09D5 /* Debug */ = {
			isa = XCBuildConfiguration;
			baseConfigurationReference = 32E4E48534B851060AFFBCA2 /* Pods-FirebaseUI-Sample1.debug.xcconfig */;
			buildSettings = {
				ASSETCATALOG_COMPILER_APPICON_NAME = AppIcon;
				ASSETCATALOG_COMPILER_GLOBAL_ACCENT_COLOR_NAME = AccentColor;
				CODE_SIGN_ENTITLEMENTS = "FirebaseUI-Sample1/FirebaseUI-Sample1.entitlements";
				CODE_SIGN_STYLE = Automatic;
				CURRENT_PROJECT_VERSION = 1;
				DEVELOPMENT_TEAM = HAMLUR4PQA;
				GENERATE_INFOPLIST_FILE = YES;
				INFOPLIST_FILE = "FirebaseUI-Sample1/Info.plist";
				INFOPLIST_KEY_UIApplicationSupportsIndirectInputEvents = YES;
				INFOPLIST_KEY_UILaunchStoryboardName = LaunchScreen;
				INFOPLIST_KEY_UIMainStoryboardFile = Main;
				INFOPLIST_KEY_UISupportedInterfaceOrientations_iPad = "UIInterfaceOrientationPortrait UIInterfaceOrientationPortraitUpsideDown UIInterfaceOrientationLandscapeLeft UIInterfaceOrientationLandscapeRight";
				INFOPLIST_KEY_UISupportedInterfaceOrientations_iPhone = "UIInterfaceOrientationPortrait UIInterfaceOrientationLandscapeLeft UIInterfaceOrientationLandscapeRight";
				LD_RUNPATH_SEARCH_PATHS = (
					"$(inherited)",
					"@executable_path/Frameworks",
				);
				MARKETING_VERSION = 1.0;
				PRODUCT_BUNDLE_IDENTIFIER = "com.kyohei.FirebaseUI-Sample1";
				PRODUCT_NAME = "$(TARGET_NAME)";
				SWIFT_EMIT_LOC_STRINGS = YES;
				SWIFT_VERSION = 5.0;
				TARGETED_DEVICE_FAMILY = 1;
			};
			name = Debug;
		};
		47C6959E271E7DED001B09D5 /* Release */ = {
			isa = XCBuildConfiguration;
			baseConfigurationReference = DEFC01E856D089E87EABCA5C /* Pods-FirebaseUI-Sample1.release.xcconfig */;
			buildSettings = {
				ASSETCATALOG_COMPILER_APPICON_NAME = AppIcon;
				ASSETCATALOG_COMPILER_GLOBAL_ACCENT_COLOR_NAME = AccentColor;
				CODE_SIGN_ENTITLEMENTS = "FirebaseUI-Sample1/FirebaseUI-Sample1.entitlements";
				CODE_SIGN_STYLE = Automatic;
				CURRENT_PROJECT_VERSION = 1;
				DEVELOPMENT_TEAM = HAMLUR4PQA;
				GENERATE_INFOPLIST_FILE = YES;
				INFOPLIST_FILE = "FirebaseUI-Sample1/Info.plist";
				INFOPLIST_KEY_UIApplicationSupportsIndirectInputEvents = YES;
				INFOPLIST_KEY_UILaunchStoryboardName = LaunchScreen;
				INFOPLIST_KEY_UIMainStoryboardFile = Main;
				INFOPLIST_KEY_UISupportedInterfaceOrientations_iPad = "UIInterfaceOrientationPortrait UIInterfaceOrientationPortraitUpsideDown UIInterfaceOrientationLandscapeLeft UIInterfaceOrientationLandscapeRight";
				INFOPLIST_KEY_UISupportedInterfaceOrientations_iPhone = "UIInterfaceOrientationPortrait UIInterfaceOrientationLandscapeLeft UIInterfaceOrientationLandscapeRight";
				LD_RUNPATH_SEARCH_PATHS = (
					"$(inherited)",
					"@executable_path/Frameworks",
				);
				MARKETING_VERSION = 1.0;
				PRODUCT_BUNDLE_IDENTIFIER = "com.kyohei.FirebaseUI-Sample1";
				PRODUCT_NAME = "$(TARGET_NAME)";
				SWIFT_EMIT_LOC_STRINGS = YES;
				SWIFT_VERSION = 5.0;
				TARGETED_DEVICE_FAMILY = 1;
			};
			name = Release;
		};
/* End XCBuildConfiguration section */

/* Begin XCConfigurationList section */
		47C69583271E7DEC001B09D5 /* Build configuration list for PBXProject "FirebaseUI-Sample1" */ = {
			isa = XCConfigurationList;
			buildConfigurations = (
				47C6959A271E7DED001B09D5 /* Debug */,
				47C6959B271E7DED001B09D5 /* Release */,
			);
			defaultConfigurationIsVisible = 0;
			defaultConfigurationName = Release;
		};
		47C6959C271E7DED001B09D5 /* Build configuration list for PBXNativeTarget "FirebaseUI-Sample1" */ = {
			isa = XCConfigurationList;
			buildConfigurations = (
				47C6959D271E7DED001B09D5 /* Debug */,
				47C6959E271E7DED001B09D5 /* Release */,
			);
			defaultConfigurationIsVisible = 0;
			defaultConfigurationName = Release;
		};
/* End XCConfigurationList section */
	};
	rootObject = 47C69580271E7DEC001B09D5 /* Project object */;
}
