// !$*UTF8*$!
{
	archiveVersion = 1;
	classes = {
	};
	objectVersion = 55;
	objects = {

/* Begin PBXBuildFile section */
		4737C4AE271D9D2700BEB4B4 /* Login.storyboard in Resources */ = {isa = PBXBuildFile; fileRef = 4737C4AD271D9D2700BEB4B4 /* Login.storyboard */; };
		4737C4B0271D9D4800BEB4B4 /* LoginViewController.swift in Sources */ = {isa = PBXBuildFile; fileRef = 4737C4AF271D9D4800BEB4B4 /* LoginViewController.swift */; };
		47452F44271D636800A023BB /* AppDelegate.swift in Sources */ = {isa = PBXBuildFile; fileRef = 47452F43271D636800A023BB /* AppDelegate.swift */; };
		47452F46271D636800A023BB /* SceneDelegate.swift in Sources */ = {isa = PBXBuildFile; fileRef = 47452F45271D636800A023BB /* SceneDelegate.swift */; };
		47452F48271D636800A023BB /* ViewController.swift in Sources */ = {isa = PBXBuildFile; fileRef = 47452F47271D636800A023BB /* ViewController.swift */; };
		47452F4B271D636800A023BB /* Main.storyboard in Resources */ = {isa = PBXBuildFile; fileRef = 47452F49271D636800A023BB /* Main.storyboard */; };
		47452F4D271D636900A023BB /* Assets.xcassets in Resources */ = {isa = PBXBuildFile; fileRef = 47452F4C271D636900A023BB /* Assets.xcassets */; };
		47452F50271D636900A023BB /* LaunchScreen.storyboard in Resources */ = {isa = PBXBuildFile; fileRef = 47452F4E271D636900A023BB /* LaunchScreen.storyboard */; };
		47CE18F8271D670C00CA5328 /* GoogleService-Info.plist in Resources */ = {isa = PBXBuildFile; fileRef = 47CE18F7271D670C00CA5328 /* GoogleService-Info.plist */; };
		CD8C12D72C3299CDCFAA1356 /* Pods_FirebaseUI_Sample.framework in Frameworks */ = {isa = PBXBuildFile; fileRef = 71190D180460F00D00BB11E7 /* Pods_FirebaseUI_Sample.framework */; };
/* End PBXBuildFile section */

/* Begin PBXFileReference section */
		4737C4AD271D9D2700BEB4B4 /* Login.storyboard */ = {isa = PBXFileReference; lastKnownFileType = file.storyboard; path = Login.storyboard; sourceTree = "<group>"; };
		4737C4AF271D9D4800BEB4B4 /* LoginViewController.swift */ = {isa = PBXFileReference; lastKnownFileType = sourcecode.swift; path = LoginViewController.swift; sourceTree = "<group>"; };
		47452F40271D636800A023BB /* FirebaseUI-Sample.app */ = {isa = PBXFileReference; explicitFileType = wrapper.application; includeInIndex = 0; path = "FirebaseUI-Sample.app"; sourceTree = BUILT_PRODUCTS_DIR; };
		47452F43271D636800A023BB /* AppDelegate.swift */ = {isa = PBXFileReference; lastKnownFileType = sourcecode.swift; path = AppDelegate.swift; sourceTree = "<group>"; };
		47452F45271D636800A023BB /* SceneDelegate.swift */ = {isa = PBXFileReference; lastKnownFileType = sourcecode.swift; path = SceneDelegate.swift; sourceTree = "<group>"; };
		47452F47271D636800A023BB /* ViewController.swift */ = {isa = PBXFileReference; lastKnownFileType = sourcecode.swift; path = ViewController.swift; sourceTree = "<group>"; };
		47452F4A271D636800A023BB /* Base */ = {isa = PBXFileReference; lastKnownFileType = file.storyboard; name = Base; path = Base.lproj/Main.storyboard; sourceTree = "<group>"; };
		47452F4C271D636900A023BB /* Assets.xcassets */ = {isa = PBXFileReference; lastKnownFileType = folder.assetcatalog; path = Assets.xcassets; sourceTree = "<group>"; };
		47452F4F271D636900A023BB /* Base */ = {isa = PBXFileReference; lastKnownFileType = file.storyboard; name = Base; path = Base.lproj/LaunchScreen.storyboard; sourceTree = "<group>"; };
		47452F51271D636900A023BB /* Info.plist */ = {isa = PBXFileReference; lastKnownFileType = text.plist.xml; path = Info.plist; sourceTree = "<group>"; };
		47CE18F7271D670C00CA5328 /* GoogleService-Info.plist */ = {isa = PBXFileReference; lastKnownFileType = text.plist; path = "GoogleService-Info.plist"; sourceTree = SOURCE_ROOT; };
		71190D180460F00D00BB11E7 /* Pods_FirebaseUI_Sample.framework */ = {isa = PBXFileReference; explicitFileType = wrapper.framework; includeInIndex = 0; path = Pods_FirebaseUI_Sample.framework; sourceTree = BUILT_PRODUCTS_DIR; };
		DEFF7EE2A6EE58D39219A3D7 /* Pods-FirebaseUI-Sample.release.xcconfig */ = {isa = PBXFileReference; includeInIndex = 1; lastKnownFileType = text.xcconfig; name = "Pods-FirebaseUI-Sample.release.xcconfig"; path = "Target Support Files/Pods-FirebaseUI-Sample/Pods-FirebaseUI-Sample.release.xcconfig"; sourceTree = "<group>"; };
		EC5267B88CD60AACF2C040C3 /* Pods-FirebaseUI-Sample.debug.xcconfig */ = {isa = PBXFileReference; includeInIndex = 1; lastKnownFileType = text.xcconfig; name = "Pods-FirebaseUI-Sample.debug.xcconfig"; path = "Target Support Files/Pods-FirebaseUI-Sample/Pods-FirebaseUI-Sample.debug.xcconfig"; sourceTree = "<group>"; };
/* End PBXFileReference section */

/* Begin PBXFrameworksBuildPhase section */
		47452F3D271D636800A023BB /* Frameworks */ = {
			isa = PBXFrameworksBuildPhase;
			buildActionMask = 2147483647;
			files = (
				CD8C12D72C3299CDCFAA1356 /* Pods_FirebaseUI_Sample.framework in Frameworks */,
			);
			runOnlyForDeploymentPostprocessing = 0;
		};
/* End PBXFrameworksBuildPhase section */

/* Begin PBXGroup section */
		4446B0B2B9C4791302E35081 /* Pods */ = {
			isa = PBXGroup;
			children = (
				EC5267B88CD60AACF2C040C3 /* Pods-FirebaseUI-Sample.debug.xcconfig */,
				DEFF7EE2A6EE58D39219A3D7 /* Pods-FirebaseUI-Sample.release.xcconfig */,
			);
			path = Pods;
			sourceTree = "<group>";
		};
		4472BCB0BD4FF7DFF89E9250 /* Frameworks */ = {
			isa = PBXGroup;
			children = (
				71190D180460F00D00BB11E7 /* Pods_FirebaseUI_Sample.framework */,
			);
			name = Frameworks;
			sourceTree = "<group>";
		};
		47452F37271D636700A023BB = {
			isa = PBXGroup;
			children = (
				47452F42271D636800A023BB /* FirebaseUI-Sample */,
				47452F41271D636800A023BB /* Products */,
				4446B0B2B9C4791302E35081 /* Pods */,
				4472BCB0BD4FF7DFF89E9250 /* Frameworks */,
			);
			sourceTree = "<group>";
		};
		47452F41271D636800A023BB /* Products */ = {
			isa = PBXGroup;
			children = (
				47452F40271D636800A023BB /* FirebaseUI-Sample.app */,
			);
			name = Products;
			sourceTree = "<group>";
		};
		47452F42271D636800A023BB /* FirebaseUI-Sample */ = {
			isa = PBXGroup;
			children = (
				47452F43271D636800A023BB /* AppDelegate.swift */,
				47452F45271D636800A023BB /* SceneDelegate.swift */,
				47452F47271D636800A023BB /* ViewController.swift */,
				47452F49271D636800A023BB /* Main.storyboard */,
				4737C4AF271D9D4800BEB4B4 /* LoginViewController.swift */,
				4737C4AD271D9D2700BEB4B4 /* Login.storyboard */,
				47452F4C271D636900A023BB /* Assets.xcassets */,
				47452F4E271D636900A023BB /* LaunchScreen.storyboard */,
				47452F51271D636900A023BB /* Info.plist */,
				47CE18F7271D670C00CA5328 /* GoogleService-Info.plist */,
			);
			path = "FirebaseUI-Sample";
			sourceTree = "<group>";
		};
/* End PBXGroup section */

/* Begin PBXNativeTarget section */
		47452F3F271D636800A023BB /* FirebaseUI-Sample */ = {
			isa = PBXNativeTarget;
			buildConfigurationList = 47452F54271D636900A023BB /* Build configuration list for PBXNativeTarget "FirebaseUI-Sample" */;
			buildPhases = (
				B500654A900D13B63A32C4E5 /* [CP] Check Pods Manifest.lock */,
				47452F3C271D636800A023BB /* Sources */,
				47452F3D271D636800A023BB /* Frameworks */,
				47452F3E271D636800A023BB /* Resources */,
				FA39ACBA4EA257A3EFF87AD8 /* [CP] Embed Pods Frameworks */,
				C50DEECA3EBACFDCEA373B69 /* [CP] Copy Pods Resources */,
			);
			buildRules = (
			);
			dependencies = (
			);
			name = "FirebaseUI-Sample";
			productName = "FirebaseUI-Sample";
			productReference = 47452F40271D636800A023BB /* FirebaseUI-Sample.app */;
			productType = "com.apple.product-type.application";
		};
/* End PBXNativeTarget section */

/* Begin PBXProject section */
		47452F38271D636700A023BB /* Project object */ = {
			isa = PBXProject;
			attributes = {
				BuildIndependentTargetsInParallel = 1;
				LastSwiftUpdateCheck = 1300;
				LastUpgradeCheck = 1300;
				TargetAttributes = {
					47452F3F271D636800A023BB = {
						CreatedOnToolsVersion = 13.0;
					};
				};
			};
			buildConfigurationList = 47452F3B271D636700A023BB /* Build configuration list for PBXProject "FirebaseUI-Sample" */;
			compatibilityVersion = "Xcode 13.0";
			developmentRegion = en;
			hasScannedForEncodings = 0;
			knownRegions = (
				en,
				Base,
			);
			mainGroup = 47452F37271D636700A023BB;
			productRefGroup = 47452F41271D636800A023BB /* Products */;
			projectDirPath = "";
			projectRoot = "";
			targets = (
				47452F3F271D636800A023BB /* FirebaseUI-Sample */,
			);
		};
/* End PBXProject section */

/* Begin PBXResourcesBuildPhase section */
		47452F3E271D636800A023BB /* Resources */ = {
			isa = PBXResourcesBuildPhase;
			buildActionMask = 2147483647;
			files = (
				47452F50271D636900A023BB /* LaunchScreen.storyboard in Resources */,
				47CE18F8271D670C00CA5328 /* GoogleService-Info.plist in Resources */,
				47452F4D271D636900A023BB /* Assets.xcassets in Resources */,
				4737C4AE271D9D2700BEB4B4 /* Login.storyboard in Resources */,
				47452F4B271D636800A023BB /* Main.storyboard in Resources */,
			);
			runOnlyForDeploymentPostprocessing = 0;
		};
/* End PBXResourcesBuildPhase section */

/* Begin PBXShellScriptBuildPhase section */
		B500654A900D13B63A32C4E5 /* [CP] Check Pods Manifest.lock */ = {
			isa = PBXShellScriptBuildPhase;
			buildActionMask = 2147483647;
			files = (
			);
			inputFileListPaths = (
			);
			inputPaths = (
				"${PODS_PODFILE_DIR_PATH}/Podfile.lock",
				"${PODS_ROOT}/Manifest.lock",
			);
			name = "[CP] Check Pods Manifest.lock";
			outputFileListPaths = (
			);
			outputPaths = (
				"$(DERIVED_FILE_DIR)/Pods-FirebaseUI-Sample-checkManifestLockResult.txt",
			);
			runOnlyForDeploymentPostprocessing = 0;
			shellPath = /bin/sh;
			shellScript = "diff \"${PODS_PODFILE_DIR_PATH}/Podfile.lock\" \"${PODS_ROOT}/Manifest.lock\" > /dev/null\nif [ $? != 0 ] ; then\n    # print error to STDERR\n    echo \"error: The sandbox is not in sync with the Podfile.lock. Run 'pod install' or update your CocoaPods installation.\" >&2\n    exit 1\nfi\n# This output is used by Xcode 'outputs' to avoid re-running this script phase.\necho \"SUCCESS\" > \"${SCRIPT_OUTPUT_FILE_0}\"\n";
			showEnvVarsInLog = 0;
		};
		C50DEECA3EBACFDCEA373B69 /* [CP] Copy Pods Resources */ = {
			isa = PBXShellScriptBuildPhase;
			buildActionMask = 2147483647;
			files = (
			);
			inputFileListPaths = (
				"${PODS_ROOT}/Target Support Files/Pods-FirebaseUI-Sample/Pods-FirebaseUI-Sample-resources-${CONFIGURATION}-input-files.xcfilelist",
			);
			name = "[CP] Copy Pods Resources";
			outputFileListPaths = (
				"${PODS_ROOT}/Target Support Files/Pods-FirebaseUI-Sample/Pods-FirebaseUI-Sample-resources-${CONFIGURATION}-output-files.xcfilelist",
			);
			runOnlyForDeploymentPostprocessing = 0;
			shellPath = /bin/sh;
			shellScript = "\"${PODS_ROOT}/Target Support Files/Pods-FirebaseUI-Sample/Pods-FirebaseUI-Sample-resources.sh\"\n";
			showEnvVarsInLog = 0;
		};
		FA39ACBA4EA257A3EFF87AD8 /* [CP] Embed Pods Frameworks */ = {
			isa = PBXShellScriptBuildPhase;
			buildActionMask = 2147483647;
			files = (
			);
			inputFileListPaths = (
				"${PODS_ROOT}/Target Support Files/Pods-FirebaseUI-Sample/Pods-FirebaseUI-Sample-frameworks-${CONFIGURATION}-input-files.xcfilelist",
			);
			name = "[CP] Embed Pods Frameworks";
			outputFileListPaths = (
				"${PODS_ROOT}/Target Support Files/Pods-FirebaseUI-Sample/Pods-FirebaseUI-Sample-frameworks-${CONFIGURATION}-output-files.xcfilelist",
			);
			runOnlyForDeploymentPostprocessing = 0;
			shellPath = /bin/sh;
			shellScript = "\"${PODS_ROOT}/Target Support Files/Pods-FirebaseUI-Sample/Pods-FirebaseUI-Sample-frameworks.sh\"\n";
			showEnvVarsInLog = 0;
		};
/* End PBXShellScriptBuildPhase section */

/* Begin PBXSourcesBuildPhase section */
		47452F3C271D636800A023BB /* Sources */ = {
			isa = PBXSourcesBuildPhase;
			buildActionMask = 2147483647;
			files = (
				4737C4B0271D9D4800BEB4B4 /* LoginViewController.swift in Sources */,
				47452F48271D636800A023BB /* ViewController.swift in Sources */,
				47452F44271D636800A023BB /* AppDelegate.swift in Sources */,
				47452F46271D636800A023BB /* SceneDelegate.swift in Sources */,
			);
			runOnlyForDeploymentPostprocessing = 0;
		};
/* End PBXSourcesBuildPhase section */

/* Begin PBXVariantGroup section */
		47452F49271D636800A023BB /* Main.storyboard */ = {
			isa = PBXVariantGroup;
			children = (
				47452F4A271D636800A023BB /* Base */,
			);
			name = Main.storyboard;
			sourceTree = "<group>";
		};
		47452F4E271D636900A023BB /* LaunchScreen.storyboard */ = {
			isa = PBXVariantGroup;
			children = (
				47452F4F271D636900A023BB /* Base */,
			);
			name = LaunchScreen.storyboard;
			sourceTree = "<group>";
		};
/* End PBXVariantGroup section */

/* Begin XCBuildConfiguration section */
		47452F52271D636900A023BB /* Debug */ = {
			isa = XCBuildConfiguration;
			buildSettings = {
				ALWAYS_SEARCH_USER_PATHS = NO;
				CLANG_ANALYZER_NONNULL = YES;
				CLANG_ANALYZER_NUMBER_OBJECT_CONVERSION = YES_AGGRESSIVE;
				CLANG_CXX_LANGUAGE_STANDARD = "gnu++17";
				CLANG_CXX_LIBRARY = "libc++";
				CLANG_ENABLE_MODULES = YES;
				CLANG_ENABLE_OBJC_ARC = YES;
				CLANG_ENABLE_OBJC_WEAK = YES;
				CLANG_WARN_BLOCK_CAPTURE_AUTORELEASING = YES;
				CLANG_WARN_BOOL_CONVERSION = YES;
				CLANG_WARN_COMMA = YES;
				CLANG_WARN_CONSTANT_CONVERSION = YES;
				CLANG_WARN_DEPRECATED_OBJC_IMPLEMENTATIONS = YES;
				CLANG_WARN_DIRECT_OBJC_ISA_USAGE = YES_ERROR;
				CLANG_WARN_DOCUMENTATION_COMMENTS = YES;
				CLANG_WARN_EMPTY_BODY = YES;
				CLANG_WARN_ENUM_CONVERSION = YES;
				CLANG_WARN_INFINITE_RECURSION = YES;
				CLANG_WARN_INT_CONVERSION = YES;
				CLANG_WARN_NON_LITERAL_NULL_CONVERSION = YES;
				CLANG_WARN_OBJC_IMPLICIT_RETAIN_SELF = YES;
				CLANG_WARN_OBJC_LITERAL_CONVERSION = YES;
				CLANG_WARN_OBJC_ROOT_CLASS = YES_ERROR;
				CLANG_WARN_QUOTED_INCLUDE_IN_FRAMEWORK_HEADER = YES;
				CLANG_WARN_RANGE_LOOP_ANALYSIS = YES;
				CLANG_WARN_STRICT_PROTOTYPES = YES;
				CLANG_WARN_SUSPICIOUS_MOVE = YES;
				CLANG_WARN_UNGUARDED_AVAILABILITY = YES_AGGRESSIVE;
				CLANG_WARN_UNREACHABLE_CODE = YES;
				CLANG_WARN__DUPLICATE_METHOD_MATCH = YES;
				COPY_PHASE_STRIP = NO;
				DEBUG_INFORMATION_FORMAT = dwarf;
				ENABLE_STRICT_OBJC_MSGSEND = YES;
				ENABLE_TESTABILITY = YES;
				GCC_C_LANGUAGE_STANDARD = gnu11;
				GCC_DYNAMIC_NO_PIC = NO;
				GCC_NO_COMMON_BLOCKS = YES;
				GCC_OPTIMIZATION_LEVEL = 0;
				GCC_PREPROCESSOR_DEFINITIONS = (
					"DEBUG=1",
					"$(inherited)",
				);
				GCC_WARN_64_TO_32_BIT_CONVERSION = YES;
				GCC_WARN_ABOUT_RETURN_TYPE = YES_ERROR;
				GCC_WARN_UNDECLARED_SELECTOR = YES;
				GCC_WARN_UNINITIALIZED_AUTOS = YES_AGGRESSIVE;
				GCC_WARN_UNUSED_FUNCTION = YES;
				GCC_WARN_UNUSED_VARIABLE = YES;
				IPHONEOS_DEPLOYMENT_TARGET = 15.0;
				MTL_ENABLE_DEBUG_INFO = INCLUDE_SOURCE;
				MTL_FAST_MATH = YES;
				ONLY_ACTIVE_ARCH = YES;
				SDKROOT = iphoneos;
				SWIFT_ACTIVE_COMPILATION_CONDITIONS = DEBUG;
				SWIFT_OPTIMIZATION_LEVEL = "-Onone";
			};
			name = Debug;
		};
		47452F53271D636900A023BB /* Release */ = {
			isa = XCBuildConfiguration;
			buildSettings = {
				ALWAYS_SEARCH_USER_PATHS = NO;
				CLANG_ANALYZER_NONNULL = YES;
				CLANG_ANALYZER_NUMBER_OBJECT_CONVERSION = YES_AGGRESSIVE;
				CLANG_CXX_LANGUAGE_STANDARD = "gnu++17";
				CLANG_CXX_LIBRARY = "libc++";
				CLANG_ENABLE_MODULES = YES;
				CLANG_ENABLE_OBJC_ARC = YES;
				CLANG_ENABLE_OBJC_WEAK = YES;
				CLANG_WARN_BLOCK_CAPTURE_AUTORELEASING = YES;
				CLANG_WARN_BOOL_CONVERSION = YES;
				CLANG_WARN_COMMA = YES;
				CLANG_WARN_CONSTANT_CONVERSION = YES;
				CLANG_WARN_DEPRECATED_OBJC_IMPLEMENTATIONS = YES;
				CLANG_WARN_DIRECT_OBJC_ISA_USAGE = YES_ERROR;
				CLANG_WARN_DOCUMENTATION_COMMENTS = YES;
				CLANG_WARN_EMPTY_BODY = YES;
				CLANG_WARN_ENUM_CONVERSION = YES;
				CLANG_WARN_INFINITE_RECURSION = YES;
				CLANG_WARN_INT_CONVERSION = YES;
				CLANG_WARN_NON_LITERAL_NULL_CONVERSION = YES;
				CLANG_WARN_OBJC_IMPLICIT_RETAIN_SELF = YES;
				CLANG_WARN_OBJC_LITERAL_CONVERSION = YES;
				CLANG_WARN_OBJC_ROOT_CLASS = YES_ERROR;
				CLANG_WARN_QUOTED_INCLUDE_IN_FRAMEWORK_HEADER = YES;
				CLANG_WARN_RANGE_LOOP_ANALYSIS = YES;
				CLANG_WARN_STRICT_PROTOTYPES = YES;
				CLANG_WARN_SUSPICIOUS_MOVE = YES;
				CLANG_WARN_UNGUARDED_AVAILABILITY = YES_AGGRESSIVE;
				CLANG_WARN_UNREACHABLE_CODE = YES;
				CLANG_WARN__DUPLICATE_METHOD_MATCH = YES;
				COPY_PHASE_STRIP = NO;
				DEBUG_INFORMATION_FORMAT = "dwarf-with-dsym";
				ENABLE_NS_ASSERTIONS = NO;
				ENABLE_STRICT_OBJC_MSGSEND = YES;
				GCC_C_LANGUAGE_STANDARD = gnu11;
				GCC_NO_COMMON_BLOCKS = YES;
				GCC_WARN_64_TO_32_BIT_CONVERSION = YES;
				GCC_WARN_ABOUT_RETURN_TYPE = YES_ERROR;
				GCC_WARN_UNDECLARED_SELECTOR = YES;
				GCC_WARN_UNINITIALIZED_AUTOS = YES_AGGRESSIVE;
				GCC_WARN_UNUSED_FUNCTION = YES;
				GCC_WARN_UNUSED_VARIABLE = YES;
				IPHONEOS_DEPLOYMENT_TARGET = 15.0;
				MTL_ENABLE_DEBUG_INFO = NO;
				MTL_FAST_MATH = YES;
				SDKROOT = iphoneos;
				SWIFT_COMPILATION_MODE = wholemodule;
				SWIFT_OPTIMIZATION_LEVEL = "-O";
				VALIDATE_PRODUCT = YES;
			};
			name = Release;
		};
		47452F55271D636900A023BB /* Debug */ = {
			isa = XCBuildConfiguration;
			baseConfigurationReference = EC5267B88CD60AACF2C040C3 /* Pods-FirebaseUI-Sample.debug.xcconfig */;
			buildSettings = {
				ASSETCATALOG_COMPILER_APPICON_NAME = AppIcon;
				ASSETCATALOG_COMPILER_GLOBAL_ACCENT_COLOR_NAME = AccentColor;
				CODE_SIGN_STYLE = Automatic;
				CURRENT_PROJECT_VERSION = 1;
				DEVELOPMENT_TEAM = HAMLUR4PQA;
				GENERATE_INFOPLIST_FILE = YES;
				INFOPLIST_FILE = "FirebaseUI-Sample/Info.plist";
				INFOPLIST_KEY_UIApplicationSupportsIndirectInputEvents = YES;
				INFOPLIST_KEY_UILaunchStoryboardName = LaunchScreen;
				INFOPLIST_KEY_UIMainStoryboardFile = Main;
				INFOPLIST_KEY_UISupportedInterfaceOrientations_iPad = "UIInterfaceOrientationPortrait UIInterfaceOrientationPortraitUpsideDown UIInterfaceOrientationLandscapeLeft UIInterfaceOrientationLandscapeRight";
				INFOPLIST_KEY_UISupportedInterfaceOrientations_iPhone = "UIInterfaceOrientationPortrait UIInterfaceOrientationLandscapeLeft UIInterfaceOrientationLandscapeRight";
				LD_RUNPATH_SEARCH_PATHS = (
					"$(inherited)",
					"@executable_path/Frameworks",
				);
				MARKETING_VERSION = 1.0;
				PRODUCT_BUNDLE_IDENTIFIER = "com.kyohei.FirebaseUI-Sample";
				PRODUCT_NAME = "$(TARGET_NAME)";
				SWIFT_EMIT_LOC_STRINGS = YES;
				SWIFT_VERSION = 5.0;
				TARGETED_DEVICE_FAMILY = 1;
			};
			name = Debug;
		};
		47452F56271D636900A023BB /* Release */ = {
			isa = XCBuildConfiguration;
			baseConfigurationReference = DEFF7EE2A6EE58D39219A3D7 /* Pods-FirebaseUI-Sample.release.xcconfig */;
			buildSettings = {
				ASSETCATALOG_COMPILER_APPICON_NAME = AppIcon;
				ASSETCATALOG_COMPILER_GLOBAL_ACCENT_COLOR_NAME = AccentColor;
				CODE_SIGN_STYLE = Automatic;
				CURRENT_PROJECT_VERSION = 1;
				DEVELOPMENT_TEAM = HAMLUR4PQA;
				GENERATE_INFOPLIST_FILE = YES;
				INFOPLIST_FILE = "FirebaseUI-Sample/Info.plist";
				INFOPLIST_KEY_UIApplicationSupportsIndirectInputEvents = YES;
				INFOPLIST_KEY_UILaunchStoryboardName = LaunchScreen;
				INFOPLIST_KEY_UIMainStoryboardFile = Main;
				INFOPLIST_KEY_UISupportedInterfaceOrientations_iPad = "UIInterfaceOrientationPortrait UIInterfaceOrientationPortraitUpsideDown UIInterfaceOrientationLandscapeLeft UIInterfaceOrientationLandscapeRight";
				INFOPLIST_KEY_UISupportedInterfaceOrientations_iPhone = "UIInterfaceOrientationPortrait UIInterfaceOrientationLandscapeLeft UIInterfaceOrientationLandscapeRight";
				LD_RUNPATH_SEARCH_PATHS = (
					"$(inherited)",
					"@executable_path/Frameworks",
				);
				MARKETING_VERSION = 1.0;
				PRODUCT_BUNDLE_IDENTIFIER = "com.kyohei.FirebaseUI-Sample";
				PRODUCT_NAME = "$(TARGET_NAME)";
				SWIFT_EMIT_LOC_STRINGS = YES;
				SWIFT_VERSION = 5.0;
				TARGETED_DEVICE_FAMILY = 1;
			};
			name = Release;
		};
/* End XCBuildConfiguration section */

/* Begin XCConfigurationList section */
		47452F3B271D636700A023BB /* Build configuration list for PBXProject "FirebaseUI-Sample" */ = {
			isa = XCConfigurationList;
			buildConfigurations = (
				47452F52271D636900A023BB /* Debug */,
				47452F53271D636900A023BB /* Release */,
			);
			defaultConfigurationIsVisible = 0;
			defaultConfigurationName = Release;
		};
		47452F54271D636900A023BB /* Build configuration list for PBXNativeTarget "FirebaseUI-Sample" */ = {
			isa = XCConfigurationList;
			buildConfigurations = (
				47452F55271D636900A023BB /* Debug */,
				47452F56271D636900A023BB /* Release */,
			);
			defaultConfigurationIsVisible = 0;
			defaultConfigurationName = Release;
		};
/* End XCConfigurationList section */
	};
	rootObject = 47452F38271D636700A023BB /* Project object */;
}
